
Microsoft Visual Studio Solution File, Format Version 12.00
# Visual Studio Version 17
VisualStudioVersion = 17.7.34031.279
MinimumVisualStudioVersion = 10.0.40219.1
Project("{FAE04EC0-301F-11D3-BF4B-00C04F79EFBC}") = "ComputerLibrary", "ComputerLibrary\ComputerLibrary.csproj", "{978DCFE3-648F-47A5-A8E4-3D7C839F31E0}"
EndProject
Project("{FAE04EC0-301F-11D3-BF4B-00C04F79EFBC}") = "ComputerBuilderTest", "..\ComputerBuilderTest\ComputerBuilderTest.csproj", "{C52B99F7-BBCA-4EAF-A21E-7D775B80DA0F}"
EndProject
Global
	GlobalSection(SolutionConfigurationPlatforms) = preSolution
		Debug|Any CPU = Debug|Any CPU
		Release|Any CPU = Release|Any CPU
	EndGlobalSection
	GlobalSection(ProjectConfigurationPlatforms) = postSolution
		{978DCFE3-648F-47A5-A8E4-3D7C839F31E0}.Debug|Any CPU.ActiveCfg = Debug|Any CPU
		{978DCFE3-648F-47A5-A8E4-3D7C839F31E0}.Debug|Any CPU.Build.0 = Debug|Any CPU
		{978DCFE3-648F-47A5-A8E4-3D7C839F31E0}.Release|Any CPU.ActiveCfg = Release|Any CPU
		{978DCFE3-648F-47A5-A8E4-3D7C839F31E0}.Release|Any CPU.Build.0 = Release|Any CPU
		{C52B99F7-BBCA-4EAF-A21E-7D775B80DA0F}.Debug|Any CPU.ActiveCfg = Debug|Any CPU
		{C52B99F7-BBCA-4EAF-A21E-7D775B80DA0F}.Debug|Any CPU.Build.0 = Debug|Any CPU
		{C52B99F7-BBCA-4EAF-A21E-7D775B80DA0F}.Release|Any CPU.ActiveCfg = Release|Any CPU
		{C52B99F7-BBCA-4EAF-A21E-7D775B80DA0F}.Release|Any CPU.Build.0 = Release|Any CPU
	EndGlobalSection
	GlobalSection(SolutionProperties) = preSolution
		HideSolutionNode = FALSE
	EndGlobalSection
	GlobalSection(ExtensibilityGlobals) = postSolution
		SolutionGuid = {557C4E36-9E7F-4C75-BA40-6B968D753E55}
	EndGlobalSection
EndGlobal
